---
lockfile_version: 1
depends:
- name: aem-security
  resolved_source:
    url: https://github.com/shinesolutions/inspec-aem-security/archive/1.2.0.tar.gz
    sha256: 65dc70d93d18fdd046868c7f62781e08157d766e9cfc305449ec1f7db1a28d6b
  version_constraints: "[]"
- name: aem-aws
  resolved_source:
    url: https://github.com/shinesolutions/inspec-aem-aws/archive/2.3.0.tar.gz
    sha256: 0d2b0a4f42bcee58ec9227ba3be942af0b022d42681f153969efa171d148dd0c
  version_constraints: "[]"
