---
lockfile_version: 1
depends:
- name: aem-security
  resolved_source:
    url: https://github.com/shinesolutions/inspec-aem-security/archive/1.1.1.tar.gz
    sha256: f528648091a37a9b4d03e2c78d34ea6d4c934c3bd8905daa677b55acb427a153
  version_constraints: "[]"
- name: aem-aws
  resolved_source:
    url: https://github.com/shinesolutions/inspec-aem-aws/archive/2.1.0.tar.gz
    sha256: f2cfe6714cc6aa2794a97df85d9259d37dedeafbf7126892228933b2ee4bfa16
  version_constraints: "[]"
