---
lockfile_version: 1
depends:
- name: aem-security
  resolved_source:
    url: https://github.com/shinesolutions/inspec-aem-security/archive/1.4.0.tar.gz
    sha256: b8dc849204ed4c0b9bba085108fe59b4e7e8d8e3c830c82ce43510cfe90c3bb0
  version_constraints: "[]"
- name: aem-aws
  resolved_source:
    url: https://github.com/shinesolutions/inspec-aem-aws/archive/2.5.0.tar.gz
    sha256: 9eb0977527571c18910bbb4fb4539e36d52a7396ff9d912beab2e65e86bc353f
  version_constraints: "[]"
